
Microsoft Visual Studio Solution File, Format Version 12.00
# Visual Studio 15
Project("{FAE04EC0-301F-11D3-BF4B-00C04F79EFBC}") = "Oculus.Interaction.Editor", "Oculus.Interaction.Editor.csproj", "{BDF871F5-BC50-B860-232B-5F2040017924}"
EndProject
Project("{FAE04EC0-301F-11D3-BF4B-00C04F79EFBC}") = "Meta.WitAi.Conduit", "Meta.WitAi.Conduit.csproj", "{F9D3C9B3-F18B-428C-6FE6-BDA426250239}"
EndProject
Project("{FAE04EC0-301F-11D3-BF4B-00C04F79EFBC}") = "Oculus.VR", "Oculus.VR.csproj", "{546CCF7E-C8F8-B393-1636-24C06CD5A0B4}"
EndProject
Project("{FAE04EC0-301F-11D3-BF4B-00C04F79EFBC}") = "Oculus.Interaction", "Oculus.Interaction.csproj", "{C9CC1F26-29DF-A333-5E07-239DB48C83D2}"
EndProject
Project("{FAE04EC0-301F-11D3-BF4B-00C04F79EFBC}") = "Meta.Voice.Samples.ShapesConduit", "Meta.Voice.Samples.ShapesConduit.csproj", "{AAAAF20A-08E9-2C6A-48CD-B4AB8D5738A3}"
EndProject
Project("{FAE04EC0-301F-11D3-BF4B-00C04F79EFBC}") = "Oculus.Platform", "Oculus.Platform.csproj", "{1000FCC3-B7AA-3FE8-DF56-4043E29D03B2}"
EndProject
Project("{FAE04EC0-301F-11D3-BF4B-00C04F79EFBC}") = "Meta.WitAi.Editor", "Meta.WitAi.Editor.csproj", "{17B6B98D-F679-55B3-55C3-6913EE25EF42}"
EndProject
Project("{FAE04EC0-301F-11D3-BF4B-00C04F79EFBC}") = "VoiceSDK.Telemetry", "VoiceSDK.Telemetry.csproj", "{493D4BB1-AA5A-EA85-B1EB-F46EBC3A2217}"
EndProject
Project("{FAE04EC0-301F-11D3-BF4B-00C04F79EFBC}") = "Meta.WitAi.Conduit.Editor", "Meta.WitAi.Conduit.Editor.csproj", "{A8863F1F-4308-A665-E06C-DD44EE56AAEE}"
EndProject
Project("{FAE04EC0-301F-11D3-BF4B-00C04F79EFBC}") = "Meta.WitAi", "Meta.WitAi.csproj", "{6EA49F43-5526-F9B2-4934-3BD38B699D05}"
EndProject
Project("{FAE04EC0-301F-11D3-BF4B-00C04F79EFBC}") = "Oculus.Interaction.OVR.Samples", "Oculus.Interaction.OVR.Samples.csproj", "{4ED9F0CA-F7E8-CE35-D73B-6B5797BB25AF}"
EndProject
Project("{FAE04EC0-301F-11D3-BF4B-00C04F79EFBC}") = "Assembly-CSharp", "Assembly-CSharp.csproj", "{024C18FE-F3B1-3E94-911A-A363ADF189D0}"
EndProject
Project("{FAE04EC0-301F-11D3-BF4B-00C04F79EFBC}") = "Meta.WitAi.Lib", "Meta.WitAi.Lib.csproj", "{8B97225F-B8FD-62EB-D79D-B790A6FCE53C}"
EndProject
Project("{FAE04EC0-301F-11D3-BF4B-00C04F79EFBC}") = "Oculus.VR.Editor", "Oculus.VR.Editor.csproj", "{6DACFBE6-18BC-955A-BE84-DCCAEE62ACE9}"
EndProject
Project("{FAE04EC0-301F-11D3-BF4B-00C04F79EFBC}") = "Meta.Voice.Hub.Runtime", "Meta.Voice.Hub.Runtime.csproj", "{E74DE73D-61BB-515D-BA6A-EAB179D9DAC1}"
EndProject
Project("{FAE04EC0-301F-11D3-BF4B-00C04F79EFBC}") = "Oculus.Interaction.OVR.Editor", "Oculus.Interaction.OVR.Editor.csproj", "{8B790333-331D-DF98-84EB-6AA2589F52AB}"
EndProject
Project("{FAE04EC0-301F-11D3-BF4B-00C04F79EFBC}") = "VoiceSDK.Dictation.Runtime", "VoiceSDK.Dictation.Runtime.csproj", "{7937AD4D-54EA-FC28-C24A-59189980C421}"
EndProject
Project("{FAE04EC0-301F-11D3-BF4B-00C04F79EFBC}") = "Oculus.LipSync", "Oculus.LipSync.csproj", "{B8090E4B-586B-D0FA-8D15-2FBD3DB93236}"
EndProject
Project("{FAE04EC0-301F-11D3-BF4B-00C04F79EFBC}") = "Oculus.Interaction.OVR", "Oculus.Interaction.OVR.csproj", "{7E8876EE-81EA-DD81-25AD-A723351BE1BD}"
EndProject
Project("{FAE04EC0-301F-11D3-BF4B-00C04F79EFBC}") = "Meta.Voice.Hub.Editor", "Meta.Voice.Hub.Editor.csproj", "{54845125-84F4-464F-9484-2491B0551CAC}"
EndProject
Project("{FAE04EC0-301F-11D3-BF4B-00C04F79EFBC}") = "VoiceSDK.Editor", "VoiceSDK.Editor.csproj", "{3FC1F536-3AEC-7878-5674-72682D98594F}"
EndProject
Project("{FAE04EC0-301F-11D3-BF4B-00C04F79EFBC}") = "Meta.WitAI.Lib.Editor", "Meta.WitAI.Lib.Editor.csproj", "{56618842-99DD-EBCC-0350-C00E70486EDE}"
EndProject
Project("{FAE04EC0-301F-11D3-BF4B-00C04F79EFBC}") = "Oculus.Spatializer.Editor", "Oculus.Spatializer.Editor.csproj", "{D9D54408-AE2B-626E-4C32-B19713236023}"
EndProject
Project("{FAE04EC0-301F-11D3-BF4B-00C04F79EFBC}") = "AssistantCoreSDKRuntime", "AssistantCoreSDKRuntime.csproj", "{F5FE5472-FE9B-EB71-DCDF-3AB976023901}"
EndProject
Project("{FAE04EC0-301F-11D3-BF4B-00C04F79EFBC}") = "VoiceSDK.Runtime", "VoiceSDK.Runtime.csproj", "{228662C6-7A3E-42D1-9A66-7513589760A1}"
EndProject
Project("{FAE04EC0-301F-11D3-BF4B-00C04F79EFBC}") = "Facebook.Wit.Dictation", "Facebook.Wit.Dictation.csproj", "{715258C4-498E-E441-7940-1F434A3150BC}"
EndProject
Project("{FAE04EC0-301F-11D3-BF4B-00C04F79EFBC}") = "Oculus.AudioManager", "Oculus.AudioManager.csproj", "{AEBE83C0-2F2C-1F5A-6C21-F5BBDB992F76}"
EndProject
Project("{FAE04EC0-301F-11D3-BF4B-00C04F79EFBC}") = "Meta.Voice.Samples.BuiltInTimer", "Meta.Voice.Samples.BuiltInTimer.csproj", "{1435230D-0D14-903A-5D7D-94B53BC64AB5}"
EndProject
Project("{FAE04EC0-301F-11D3-BF4B-00C04F79EFBC}") = "Oculus.Platform.Editor", "Oculus.Platform.Editor.csproj", "{014E923A-9797-0035-6494-21DCE728363F}"
EndProject
Project("{FAE04EC0-301F-11D3-BF4B-00C04F79EFBC}") = "Meta.XR.BuildingBlocks.Editor", "Meta.XR.BuildingBlocks.Editor.csproj", "{70347642-38D3-22A2-46DC-77003D0A7089}"
EndProject
Project("{FAE04EC0-301F-11D3-BF4B-00C04F79EFBC}") = "Meta.Voice.Samples.TTSVoices", "Meta.Voice.Samples.TTSVoices.csproj", "{C2DB5101-7B6F-BE7C-C59B-72CF0E45F9EE}"
EndProject
Project("{FAE04EC0-301F-11D3-BF4B-00C04F79EFBC}") = "Meta.Voice.VSDKHub.Editor", "Meta.Voice.VSDKHub.Editor.csproj", "{7B6A110C-EC92-4267-81E9-51AA7EBEFF5E}"
EndProject
Project("{FAE04EC0-301F-11D3-BF4B-00C04F79EFBC}") = "Meta.WitAi.TTS", "Meta.WitAi.TTS.csproj", "{71FC620A-81A0-E040-C401-681A601CAA07}"
EndProject
Project("{FAE04EC0-301F-11D3-BF4B-00C04F79EFBC}") = "Oculus.AudioManager.Audio.Editor", "Oculus.AudioManager.Audio.Editor.csproj", "{AFFB83EA-D6C7-E25E-B151-128CF2B666C0}"
EndProject
Project("{FAE04EC0-301F-11D3-BF4B-00C04F79EFBC}") = "Assembly-CSharp-Editor", "Assembly-CSharp-Editor.csproj", "{513904EF-03D4-AF36-3C90-4E3759DFC770}"
EndProject
Project("{FAE04EC0-301F-11D3-BF4B-00C04F79EFBC}") = "Meta.Voice.Samples.Chess", "Meta.Voice.Samples.Chess.csproj", "{89AB6436-996D-E289-C03C-A051E066078E}"
EndProject
Project("{FAE04EC0-301F-11D3-BF4B-00C04F79EFBC}") = "Oculus.VR.Scripts.Editor", "Oculus.VR.Scripts.Editor.csproj", "{E415AC93-84F1-24C2-2DC8-20053656C026}"
EndProject
Project("{FAE04EC0-301F-11D3-BF4B-00C04F79EFBC}") = "Meta.Voice.Samples.LightTraits", "Meta.Voice.Samples.LightTraits.csproj", "{C6D8B565-0DB7-C422-5512-C4A03C84B109}"
EndProject
Project("{FAE04EC0-301F-11D3-BF4B-00C04F79EFBC}") = "Meta.Voice.Samples.Dictation", "Meta.Voice.Samples.Dictation.csproj", "{B6F7CD03-991E-193D-7ED5-A495004B81A4}"
EndProject
Project("{FAE04EC0-301F-11D3-BF4B-00C04F79EFBC}") = "Meta.Voice.Samples.Shapes", "Meta.Voice.Samples.Shapes.csproj", "{08DD17FA-CFB7-5482-9A3E-991FC593DB1D}"
EndProject
Project("{FAE04EC0-301F-11D3-BF4B-00C04F79EFBC}") = "Oculus.Interaction.Samples.Editor", "Oculus.Interaction.Samples.Editor.csproj", "{3F222215-541A-6146-2B21-0FEE3A4546D2}"
EndProject
Project("{FAE04EC0-301F-11D3-BF4B-00C04F79EFBC}") = "Meta.WitAi.TTS.Editor", "Meta.WitAi.TTS.Editor.csproj", "{87C00E17-2EB2-BF5F-2389-490F8E8F0362}"
EndProject
Project("{FAE04EC0-301F-11D3-BF4B-00C04F79EFBC}") = "Meta.XR.BuildingBlocks", "Meta.XR.BuildingBlocks.csproj", "{C28762BB-6034-76A5-811E-485DE6094C2D}"
EndProject
Project("{FAE04EC0-301F-11D3-BF4B-00C04F79EFBC}") = "Oculus.Spatializer", "Oculus.Spatializer.csproj", "{3D82DDA2-72B6-5158-7A94-BA3CCF0532C1}"
EndProject
Project("{FAE04EC0-301F-11D3-BF4B-00C04F79EFBC}") = "Oculus.LipSync.Editor", "Oculus.LipSync.Editor.csproj", "{C339B9BF-6EFE-806F-BC12-00F274FC2498}"
EndProject
Project("{FAE04EC0-301F-11D3-BF4B-00C04F79EFBC}") = "Oculus.AudioManager.Utils.Editor", "Oculus.AudioManager.Utils.Editor.csproj", "{AC42F275-7A06-BDC6-BD1D-C8AE88591553}"
EndProject
Project("{FAE04EC0-301F-11D3-BF4B-00C04F79EFBC}") = "Meta.VoiceSDK.Mic.Common", "Meta.VoiceSDK.Mic.Common.csproj", "{A04A7312-2EB1-16E9-E073-13563E9DD0CB}"
EndProject
Project("{FAE04EC0-301F-11D3-BF4B-00C04F79EFBC}") = "VoiceSDK.Dictation.Editor", "VoiceSDK.Dictation.Editor.csproj", "{F20FB888-0DB5-9A83-3951-DD56F346259C}"
EndProject
Project("{FAE04EC0-301F-11D3-BF4B-00C04F79EFBC}") = "Meta.VoiceSDK.Mic.Other", "Meta.VoiceSDK.Mic.Other.csproj", "{885BBB63-EA83-1FDD-9B88-D8F706E03F46}"
EndProject
Project("{FAE04EC0-301F-11D3-BF4B-00C04F79EFBC}") = "AssistantCoreSDKEditor", "AssistantCoreSDKEditor.csproj", "{6F99353E-31C0-FAFC-0B80-6C7228ED2B1F}"
EndProject
Project("{FAE04EC0-301F-11D3-BF4B-00C04F79EFBC}") = "Oculus.Interaction.InterfaceSupport", "Oculus.Interaction.InterfaceSupport.csproj", "{0FF566EB-FDD5-A8AF-9BE6-BDCCECCD3B51}"
EndProject
Project("{FAE04EC0-301F-11D3-BF4B-00C04F79EFBC}") = "Meta.Voice.Samples.LiveUnderstanding", "Meta.Voice.Samples.LiveUnderstanding.csproj", "{A53C83DF-B0B2-D7C7-0505-9D487F34116C}"
EndProject
Project("{FAE04EC0-301F-11D3-BF4B-00C04F79EFBC}") = "Facebook.Wit.Dictation.Editor", "Facebook.Wit.Dictation.Editor.csproj", "{F4569225-311C-6DBB-4244-CA1930F09352}"
EndProject
Project("{FAE04EC0-301F-11D3-BF4B-00C04F79EFBC}") = "Meta.VoiceSDK.Mic.WebGL", "Meta.VoiceSDK.Mic.WebGL.csproj", "{8CD802C3-ECB6-1C8D-1DCB-412B9E85D18A}"
EndProject
Global
	GlobalSection(SolutionConfigurationPlatforms) = preSolution
		Debug|Any CPU = Debug|Any CPU
		Release|Any CPU = Release|Any CPU
	EndGlobalSection
	GlobalSection(ProjectConfigurationPlatforms) = postSolution
		{BDF871F5-BC50-B860-232B-5F2040017924}.Debug|Any CPU.ActiveCfg = Debug|Any CPU
		{BDF871F5-BC50-B860-232B-5F2040017924}.Debug|Any CPU.Build.0 = Debug|Any CPU
		{BDF871F5-BC50-B860-232B-5F2040017924}.Release|Any CPU.ActiveCfg = Release|Any CPU
		{BDF871F5-BC50-B860-232B-5F2040017924}.Release|Any CPU.Build.0 = Release|Any CPU
		{F9D3C9B3-F18B-428C-6FE6-BDA426250239}.Debug|Any CPU.ActiveCfg = Debug|Any CPU
		{F9D3C9B3-F18B-428C-6FE6-BDA426250239}.Debug|Any CPU.Build.0 = Debug|Any CPU
		{F9D3C9B3-F18B-428C-6FE6-BDA426250239}.Release|Any CPU.ActiveCfg = Release|Any CPU
		{F9D3C9B3-F18B-428C-6FE6-BDA426250239}.Release|Any CPU.Build.0 = Release|Any CPU
		{546CCF7E-C8F8-B393-1636-24C06CD5A0B4}.Debug|Any CPU.ActiveCfg = Debug|Any CPU
		{546CCF7E-C8F8-B393-1636-24C06CD5A0B4}.Debug|Any CPU.Build.0 = Debug|Any CPU
		{546CCF7E-C8F8-B393-1636-24C06CD5A0B4}.Release|Any CPU.ActiveCfg = Release|Any CPU
		{546CCF7E-C8F8-B393-1636-24C06CD5A0B4}.Release|Any CPU.Build.0 = Release|Any CPU
		{C9CC1F26-29DF-A333-5E07-239DB48C83D2}.Debug|Any CPU.ActiveCfg = Debug|Any CPU
		{C9CC1F26-29DF-A333-5E07-239DB48C83D2}.Debug|Any CPU.Build.0 = Debug|Any CPU
		{C9CC1F26-29DF-A333-5E07-239DB48C83D2}.Release|Any CPU.ActiveCfg = Release|Any CPU
		{C9CC1F26-29DF-A333-5E07-239DB48C83D2}.Release|Any CPU.Build.0 = Release|Any CPU
		{AAAAF20A-08E9-2C6A-48CD-B4AB8D5738A3}.Debug|Any CPU.ActiveCfg = Debug|Any CPU
		{AAAAF20A-08E9-2C6A-48CD-B4AB8D5738A3}.Debug|Any CPU.Build.0 = Debug|Any CPU
		{AAAAF20A-08E9-2C6A-48CD-B4AB8D5738A3}.Release|Any CPU.ActiveCfg = Release|Any CPU
		{AAAAF20A-08E9-2C6A-48CD-B4AB8D5738A3}.Release|Any CPU.Build.0 = Release|Any CPU
		{1000FCC3-B7AA-3FE8-DF56-4043E29D03B2}.Debug|Any CPU.ActiveCfg = Debug|Any CPU
		{1000FCC3-B7AA-3FE8-DF56-4043E29D03B2}.Debug|Any CPU.Build.0 = Debug|Any CPU
		{1000FCC3-B7AA-3FE8-DF56-4043E29D03B2}.Release|Any CPU.ActiveCfg = Release|Any CPU
		{1000FCC3-B7AA-3FE8-DF56-4043E29D03B2}.Release|Any CPU.Build.0 = Release|Any CPU
		{17B6B98D-F679-55B3-55C3-6913EE25EF42}.Debug|Any CPU.ActiveCfg = Debug|Any CPU
		{17B6B98D-F679-55B3-55C3-6913EE25EF42}.Debug|Any CPU.Build.0 = Debug|Any CPU
		{17B6B98D-F679-55B3-55C3-6913EE25EF42}.Release|Any CPU.ActiveCfg = Release|Any CPU
		{17B6B98D-F679-55B3-55C3-6913EE25EF42}.Release|Any CPU.Build.0 = Release|Any CPU
		{493D4BB1-AA5A-EA85-B1EB-F46EBC3A2217}.Debug|Any CPU.ActiveCfg = Debug|Any CPU
		{493D4BB1-AA5A-EA85-B1EB-F46EBC3A2217}.Debug|Any CPU.Build.0 = Debug|Any CPU
		{493D4BB1-AA5A-EA85-B1EB-F46EBC3A2217}.Release|Any CPU.ActiveCfg = Release|Any CPU
		{493D4BB1-AA5A-EA85-B1EB-F46EBC3A2217}.Release|Any CPU.Build.0 = Release|Any CPU
		{A8863F1F-4308-A665-E06C-DD44EE56AAEE}.Debug|Any CPU.ActiveCfg = Debug|Any CPU
		{A8863F1F-4308-A665-E06C-DD44EE56AAEE}.Debug|Any CPU.Build.0 = Debug|Any CPU
		{A8863F1F-4308-A665-E06C-DD44EE56AAEE}.Release|Any CPU.ActiveCfg = Release|Any CPU
		{A8863F1F-4308-A665-E06C-DD44EE56AAEE}.Release|Any CPU.Build.0 = Release|Any CPU
		{6EA49F43-5526-F9B2-4934-3BD38B699D05}.Debug|Any CPU.ActiveCfg = Debug|Any CPU
		{6EA49F43-5526-F9B2-4934-3BD38B699D05}.Debug|Any CPU.Build.0 = Debug|Any CPU
		{6EA49F43-5526-F9B2-4934-3BD38B699D05}.Release|Any CPU.ActiveCfg = Release|Any CPU
		{6EA49F43-5526-F9B2-4934-3BD38B699D05}.Release|Any CPU.Build.0 = Release|Any CPU
		{4ED9F0CA-F7E8-CE35-D73B-6B5797BB25AF}.Debug|Any CPU.ActiveCfg = Debug|Any CPU
		{4ED9F0CA-F7E8-CE35-D73B-6B5797BB25AF}.Debug|Any CPU.Build.0 = Debug|Any CPU
		{4ED9F0CA-F7E8-CE35-D73B-6B5797BB25AF}.Release|Any CPU.ActiveCfg = Release|Any CPU
		{4ED9F0CA-F7E8-CE35-D73B-6B5797BB25AF}.Release|Any CPU.Build.0 = Release|Any CPU
		{024C18FE-F3B1-3E94-911A-A363ADF189D0}.Debug|Any CPU.ActiveCfg = Debug|Any CPU
		{024C18FE-F3B1-3E94-911A-A363ADF189D0}.Debug|Any CPU.Build.0 = Debug|Any CPU
		{024C18FE-F3B1-3E94-911A-A363ADF189D0}.Release|Any CPU.ActiveCfg = Release|Any CPU
		{024C18FE-F3B1-3E94-911A-A363ADF189D0}.Release|Any CPU.Build.0 = Release|Any CPU
		{8B97225F-B8FD-62EB-D79D-B790A6FCE53C}.Debug|Any CPU.ActiveCfg = Debug|Any CPU
		{8B97225F-B8FD-62EB-D79D-B790A6FCE53C}.Debug|Any CPU.Build.0 = Debug|Any CPU
		{8B97225F-B8FD-62EB-D79D-B790A6FCE53C}.Release|Any CPU.ActiveCfg = Release|Any CPU
		{8B97225F-B8FD-62EB-D79D-B790A6FCE53C}.Release|Any CPU.Build.0 = Release|Any CPU
		{6DACFBE6-18BC-955A-BE84-DCCAEE62ACE9}.Debug|Any CPU.ActiveCfg = Debug|Any CPU
		{6DACFBE6-18BC-955A-BE84-DCCAEE62ACE9}.Debug|Any CPU.Build.0 = Debug|Any CPU
		{6DACFBE6-18BC-955A-BE84-DCCAEE62ACE9}.Release|Any CPU.ActiveCfg = Release|Any CPU
		{6DACFBE6-18BC-955A-BE84-DCCAEE62ACE9}.Release|Any CPU.Build.0 = Release|Any CPU
		{E74DE73D-61BB-515D-BA6A-EAB179D9DAC1}.Debug|Any CPU.ActiveCfg = Debug|Any CPU
		{E74DE73D-61BB-515D-BA6A-EAB179D9DAC1}.Debug|Any CPU.Build.0 = Debug|Any CPU
		{E74DE73D-61BB-515D-BA6A-EAB179D9DAC1}.Release|Any CPU.ActiveCfg = Release|Any CPU
		{E74DE73D-61BB-515D-BA6A-EAB179D9DAC1}.Release|Any CPU.Build.0 = Release|Any CPU
		{8B790333-331D-DF98-84EB-6AA2589F52AB}.Debug|Any CPU.ActiveCfg = Debug|Any CPU
		{8B790333-331D-DF98-84EB-6AA2589F52AB}.Debug|Any CPU.Build.0 = Debug|Any CPU
		{8B790333-331D-DF98-84EB-6AA2589F52AB}.Release|Any CPU.ActiveCfg = Release|Any CPU
		{8B790333-331D-DF98-84EB-6AA2589F52AB}.Release|Any CPU.Build.0 = Release|Any CPU
		{7937AD4D-54EA-FC28-C24A-59189980C421}.Debug|Any CPU.ActiveCfg = Debug|Any CPU
		{7937AD4D-54EA-FC28-C24A-59189980C421}.Debug|Any CPU.Build.0 = Debug|Any CPU
		{7937AD4D-54EA-FC28-C24A-59189980C421}.Release|Any CPU.ActiveCfg = Release|Any CPU
		{7937AD4D-54EA-FC28-C24A-59189980C421}.Release|Any CPU.Build.0 = Release|Any CPU
		{B8090E4B-586B-D0FA-8D15-2FBD3DB93236}.Debug|Any CPU.ActiveCfg = Debug|Any CPU
		{B8090E4B-586B-D0FA-8D15-2FBD3DB93236}.Debug|Any CPU.Build.0 = Debug|Any CPU
		{B8090E4B-586B-D0FA-8D15-2FBD3DB93236}.Release|Any CPU.ActiveCfg = Release|Any CPU
		{B8090E4B-586B-D0FA-8D15-2FBD3DB93236}.Release|Any CPU.Build.0 = Release|Any CPU
		{7E8876EE-81EA-DD81-25AD-A723351BE1BD}.Debug|Any CPU.ActiveCfg = Debug|Any CPU
		{7E8876EE-81EA-DD81-25AD-A723351BE1BD}.Debug|Any CPU.Build.0 = Debug|Any CPU
		{7E8876EE-81EA-DD81-25AD-A723351BE1BD}.Release|Any CPU.ActiveCfg = Release|Any CPU
		{7E8876EE-81EA-DD81-25AD-A723351BE1BD}.Release|Any CPU.Build.0 = Release|Any CPU
		{54845125-84F4-464F-9484-2491B0551CAC}.Debug|Any CPU.ActiveCfg = Debug|Any CPU
		{54845125-84F4-464F-9484-2491B0551CAC}.Debug|Any CPU.Build.0 = Debug|Any CPU
		{54845125-84F4-464F-9484-2491B0551CAC}.Release|Any CPU.ActiveCfg = Release|Any CPU
		{54845125-84F4-464F-9484-2491B0551CAC}.Release|Any CPU.Build.0 = Release|Any CPU
		{3FC1F536-3AEC-7878-5674-72682D98594F}.Debug|Any CPU.ActiveCfg = Debug|Any CPU
		{3FC1F536-3AEC-7878-5674-72682D98594F}.Debug|Any CPU.Build.0 = Debug|Any CPU
		{3FC1F536-3AEC-7878-5674-72682D98594F}.Release|Any CPU.ActiveCfg = Release|Any CPU
		{3FC1F536-3AEC-7878-5674-72682D98594F}.Release|Any CPU.Build.0 = Release|Any CPU
		{56618842-99DD-EBCC-0350-C00E70486EDE}.Debug|Any CPU.ActiveCfg = Debug|Any CPU
		{56618842-99DD-EBCC-0350-C00E70486EDE}.Debug|Any CPU.Build.0 = Debug|Any CPU
		{56618842-99DD-EBCC-0350-C00E70486EDE}.Release|Any CPU.ActiveCfg = Release|Any CPU
		{56618842-99DD-EBCC-0350-C00E70486EDE}.Release|Any CPU.Build.0 = Release|Any CPU
		{D9D54408-AE2B-626E-4C32-B19713236023}.Debug|Any CPU.ActiveCfg = Debug|Any CPU
		{D9D54408-AE2B-626E-4C32-B19713236023}.Debug|Any CPU.Build.0 = Debug|Any CPU
		{D9D54408-AE2B-626E-4C32-B19713236023}.Release|Any CPU.ActiveCfg = Release|Any CPU
		{D9D54408-AE2B-626E-4C32-B19713236023}.Release|Any CPU.Build.0 = Release|Any CPU
		{F5FE5472-FE9B-EB71-DCDF-3AB976023901}.Debug|Any CPU.ActiveCfg = Debug|Any CPU
		{F5FE5472-FE9B-EB71-DCDF-3AB976023901}.Debug|Any CPU.Build.0 = Debug|Any CPU
		{F5FE5472-FE9B-EB71-DCDF-3AB976023901}.Release|Any CPU.ActiveCfg = Release|Any CPU
		{F5FE5472-FE9B-EB71-DCDF-3AB976023901}.Release|Any CPU.Build.0 = Release|Any CPU
		{228662C6-7A3E-42D1-9A66-7513589760A1}.Debug|Any CPU.ActiveCfg = Debug|Any CPU
		{228662C6-7A3E-42D1-9A66-7513589760A1}.Debug|Any CPU.Build.0 = Debug|Any CPU
		{228662C6-7A3E-42D1-9A66-7513589760A1}.Release|Any CPU.ActiveCfg = Release|Any CPU
		{228662C6-7A3E-42D1-9A66-7513589760A1}.Release|Any CPU.Build.0 = Release|Any CPU
		{715258C4-498E-E441-7940-1F434A3150BC}.Debug|Any CPU.ActiveCfg = Debug|Any CPU
		{715258C4-498E-E441-7940-1F434A3150BC}.Debug|Any CPU.Build.0 = Debug|Any CPU
		{715258C4-498E-E441-7940-1F434A3150BC}.Release|Any CPU.ActiveCfg = Release|Any CPU
		{715258C4-498E-E441-7940-1F434A3150BC}.Release|Any CPU.Build.0 = Release|Any CPU
		{AEBE83C0-2F2C-1F5A-6C21-F5BBDB992F76}.Debug|Any CPU.ActiveCfg = Debug|Any CPU
		{AEBE83C0-2F2C-1F5A-6C21-F5BBDB992F76}.Debug|Any CPU.Build.0 = Debug|Any CPU
		{AEBE83C0-2F2C-1F5A-6C21-F5BBDB992F76}.Release|Any CPU.ActiveCfg = Release|Any CPU
		{AEBE83C0-2F2C-1F5A-6C21-F5BBDB992F76}.Release|Any CPU.Build.0 = Release|Any CPU
		{1435230D-0D14-903A-5D7D-94B53BC64AB5}.Debug|Any CPU.ActiveCfg = Debug|Any CPU
		{1435230D-0D14-903A-5D7D-94B53BC64AB5}.Debug|Any CPU.Build.0 = Debug|Any CPU
		{1435230D-0D14-903A-5D7D-94B53BC64AB5}.Release|Any CPU.ActiveCfg = Release|Any CPU
		{1435230D-0D14-903A-5D7D-94B53BC64AB5}.Release|Any CPU.Build.0 = Release|Any CPU
		{014E923A-9797-0035-6494-21DCE728363F}.Debug|Any CPU.ActiveCfg = Debug|Any CPU
		{014E923A-9797-0035-6494-21DCE728363F}.Debug|Any CPU.Build.0 = Debug|Any CPU
		{014E923A-9797-0035-6494-21DCE728363F}.Release|Any CPU.ActiveCfg = Release|Any CPU
		{014E923A-9797-0035-6494-21DCE728363F}.Release|Any CPU.Build.0 = Release|Any CPU
		{70347642-38D3-22A2-46DC-77003D0A7089}.Debug|Any CPU.ActiveCfg = Debug|Any CPU
		{70347642-38D3-22A2-46DC-77003D0A7089}.Debug|Any CPU.Build.0 = Debug|Any CPU
		{70347642-38D3-22A2-46DC-77003D0A7089}.Release|Any CPU.ActiveCfg = Release|Any CPU
		{70347642-38D3-22A2-46DC-77003D0A7089}.Release|Any CPU.Build.0 = Release|Any CPU
		{C2DB5101-7B6F-BE7C-C59B-72CF0E45F9EE}.Debug|Any CPU.ActiveCfg = Debug|Any CPU
		{C2DB5101-7B6F-BE7C-C59B-72CF0E45F9EE}.Debug|Any CPU.Build.0 = Debug|Any CPU
		{C2DB5101-7B6F-BE7C-C59B-72CF0E45F9EE}.Release|Any CPU.ActiveCfg = Release|Any CPU
		{C2DB5101-7B6F-BE7C-C59B-72CF0E45F9EE}.Release|Any CPU.Build.0 = Release|Any CPU
		{7B6A110C-EC92-4267-81E9-51AA7EBEFF5E}.Debug|Any CPU.ActiveCfg = Debug|Any CPU
		{7B6A110C-EC92-4267-81E9-51AA7EBEFF5E}.Debug|Any CPU.Build.0 = Debug|Any CPU
		{7B6A110C-EC92-4267-81E9-51AA7EBEFF5E}.Release|Any CPU.ActiveCfg = Release|Any CPU
		{7B6A110C-EC92-4267-81E9-51AA7EBEFF5E}.Release|Any CPU.Build.0 = Release|Any CPU
		{71FC620A-81A0-E040-C401-681A601CAA07}.Debug|Any CPU.ActiveCfg = Debug|Any CPU
		{71FC620A-81A0-E040-C401-681A601CAA07}.Debug|Any CPU.Build.0 = Debug|Any CPU
		{71FC620A-81A0-E040-C401-681A601CAA07}.Release|Any CPU.ActiveCfg = Release|Any CPU
		{71FC620A-81A0-E040-C401-681A601CAA07}.Release|Any CPU.Build.0 = Release|Any CPU
		{AFFB83EA-D6C7-E25E-B151-128CF2B666C0}.Debug|Any CPU.ActiveCfg = Debug|Any CPU
		{AFFB83EA-D6C7-E25E-B151-128CF2B666C0}.Debug|Any CPU.Build.0 = Debug|Any CPU
		{AFFB83EA-D6C7-E25E-B151-128CF2B666C0}.Release|Any CPU.ActiveCfg = Release|Any CPU
		{AFFB83EA-D6C7-E25E-B151-128CF2B666C0}.Release|Any CPU.Build.0 = Release|Any CPU
		{513904EF-03D4-AF36-3C90-4E3759DFC770}.Debug|Any CPU.ActiveCfg = Debug|Any CPU
		{513904EF-03D4-AF36-3C90-4E3759DFC770}.Debug|Any CPU.Build.0 = Debug|Any CPU
		{513904EF-03D4-AF36-3C90-4E3759DFC770}.Release|Any CPU.ActiveCfg = Release|Any CPU
		{513904EF-03D4-AF36-3C90-4E3759DFC770}.Release|Any CPU.Build.0 = Release|Any CPU
		{89AB6436-996D-E289-C03C-A051E066078E}.Debug|Any CPU.ActiveCfg = Debug|Any CPU
		{89AB6436-996D-E289-C03C-A051E066078E}.Debug|Any CPU.Build.0 = Debug|Any CPU
		{89AB6436-996D-E289-C03C-A051E066078E}.Release|Any CPU.ActiveCfg = Release|Any CPU
		{89AB6436-996D-E289-C03C-A051E066078E}.Release|Any CPU.Build.0 = Release|Any CPU
		{E415AC93-84F1-24C2-2DC8-20053656C026}.Debug|Any CPU.ActiveCfg = Debug|Any CPU
		{E415AC93-84F1-24C2-2DC8-20053656C026}.Debug|Any CPU.Build.0 = Debug|Any CPU
		{E415AC93-84F1-24C2-2DC8-20053656C026}.Release|Any CPU.ActiveCfg = Release|Any CPU
		{E415AC93-84F1-24C2-2DC8-20053656C026}.Release|Any CPU.Build.0 = Release|Any CPU
		{C6D8B565-0DB7-C422-5512-C4A03C84B109}.Debug|Any CPU.ActiveCfg = Debug|Any CPU
		{C6D8B565-0DB7-C422-5512-C4A03C84B109}.Debug|Any CPU.Build.0 = Debug|Any CPU
		{C6D8B565-0DB7-C422-5512-C4A03C84B109}.Release|Any CPU.ActiveCfg = Release|Any CPU
		{C6D8B565-0DB7-C422-5512-C4A03C84B109}.Release|Any CPU.Build.0 = Release|Any CPU
		{B6F7CD03-991E-193D-7ED5-A495004B81A4}.Debug|Any CPU.ActiveCfg = Debug|Any CPU
		{B6F7CD03-991E-193D-7ED5-A495004B81A4}.Debug|Any CPU.Build.0 = Debug|Any CPU
		{B6F7CD03-991E-193D-7ED5-A495004B81A4}.Release|Any CPU.ActiveCfg = Release|Any CPU
		{B6F7CD03-991E-193D-7ED5-A495004B81A4}.Release|Any CPU.Build.0 = Release|Any CPU
		{08DD17FA-CFB7-5482-9A3E-991FC593DB1D}.Debug|Any CPU.ActiveCfg = Debug|Any CPU
		{08DD17FA-CFB7-5482-9A3E-991FC593DB1D}.Debug|Any CPU.Build.0 = Debug|Any CPU
		{08DD17FA-CFB7-5482-9A3E-991FC593DB1D}.Release|Any CPU.ActiveCfg = Release|Any CPU
		{08DD17FA-CFB7-5482-9A3E-991FC593DB1D}.Release|Any CPU.Build.0 = Release|Any CPU
		{3F222215-541A-6146-2B21-0FEE3A4546D2}.Debug|Any CPU.ActiveCfg = Debug|Any CPU
		{3F222215-541A-6146-2B21-0FEE3A4546D2}.Debug|Any CPU.Build.0 = Debug|Any CPU
		{3F222215-541A-6146-2B21-0FEE3A4546D2}.Release|Any CPU.ActiveCfg = Release|Any CPU
		{3F222215-541A-6146-2B21-0FEE3A4546D2}.Release|Any CPU.Build.0 = Release|Any CPU
		{87C00E17-2EB2-BF5F-2389-490F8E8F0362}.Debug|Any CPU.ActiveCfg = Debug|Any CPU
		{87C00E17-2EB2-BF5F-2389-490F8E8F0362}.Debug|Any CPU.Build.0 = Debug|Any CPU
		{87C00E17-2EB2-BF5F-2389-490F8E8F0362}.Release|Any CPU.ActiveCfg = Release|Any CPU
		{87C00E17-2EB2-BF5F-2389-490F8E8F0362}.Release|Any CPU.Build.0 = Release|Any CPU
		{C28762BB-6034-76A5-811E-485DE6094C2D}.Debug|Any CPU.ActiveCfg = Debug|Any CPU
		{C28762BB-6034-76A5-811E-485DE6094C2D}.Debug|Any CPU.Build.0 = Debug|Any CPU
		{C28762BB-6034-76A5-811E-485DE6094C2D}.Release|Any CPU.ActiveCfg = Release|Any CPU
		{C28762BB-6034-76A5-811E-485DE6094C2D}.Release|Any CPU.Build.0 = Release|Any CPU
		{3D82DDA2-72B6-5158-7A94-BA3CCF0532C1}.Debug|Any CPU.ActiveCfg = Debug|Any CPU
		{3D82DDA2-72B6-5158-7A94-BA3CCF0532C1}.Debug|Any CPU.Build.0 = Debug|Any CPU
		{3D82DDA2-72B6-5158-7A94-BA3CCF0532C1}.Release|Any CPU.ActiveCfg = Release|Any CPU
		{3D82DDA2-72B6-5158-7A94-BA3CCF0532C1}.Release|Any CPU.Build.0 = Release|Any CPU
		{C339B9BF-6EFE-806F-BC12-00F274FC2498}.Debug|Any CPU.ActiveCfg = Debug|Any CPU
		{C339B9BF-6EFE-806F-BC12-00F274FC2498}.Debug|Any CPU.Build.0 = Debug|Any CPU
		{C339B9BF-6EFE-806F-BC12-00F274FC2498}.Release|Any CPU.ActiveCfg = Release|Any CPU
		{C339B9BF-6EFE-806F-BC12-00F274FC2498}.Release|Any CPU.Build.0 = Release|Any CPU
		{AC42F275-7A06-BDC6-BD1D-C8AE88591553}.Debug|Any CPU.ActiveCfg = Debug|Any CPU
		{AC42F275-7A06-BDC6-BD1D-C8AE88591553}.Debug|Any CPU.Build.0 = Debug|Any CPU
		{AC42F275-7A06-BDC6-BD1D-C8AE88591553}.Release|Any CPU.ActiveCfg = Release|Any CPU
		{AC42F275-7A06-BDC6-BD1D-C8AE88591553}.Release|Any CPU.Build.0 = Release|Any CPU
		{A04A7312-2EB1-16E9-E073-13563E9DD0CB}.Debug|Any CPU.ActiveCfg = Debug|Any CPU
		{A04A7312-2EB1-16E9-E073-13563E9DD0CB}.Debug|Any CPU.Build.0 = Debug|Any CPU
		{A04A7312-2EB1-16E9-E073-13563E9DD0CB}.Release|Any CPU.ActiveCfg = Release|Any CPU
		{A04A7312-2EB1-16E9-E073-13563E9DD0CB}.Release|Any CPU.Build.0 = Release|Any CPU
		{F20FB888-0DB5-9A83-3951-DD56F346259C}.Debug|Any CPU.ActiveCfg = Debug|Any CPU
		{F20FB888-0DB5-9A83-3951-DD56F346259C}.Debug|Any CPU.Build.0 = Debug|Any CPU
		{F20FB888-0DB5-9A83-3951-DD56F346259C}.Release|Any CPU.ActiveCfg = Release|Any CPU
		{F20FB888-0DB5-9A83-3951-DD56F346259C}.Release|Any CPU.Build.0 = Release|Any CPU
		{885BBB63-EA83-1FDD-9B88-D8F706E03F46}.Debug|Any CPU.ActiveCfg = Debug|Any CPU
		{885BBB63-EA83-1FDD-9B88-D8F706E03F46}.Debug|Any CPU.Build.0 = Debug|Any CPU
		{885BBB63-EA83-1FDD-9B88-D8F706E03F46}.Release|Any CPU.ActiveCfg = Release|Any CPU
		{885BBB63-EA83-1FDD-9B88-D8F706E03F46}.Release|Any CPU.Build.0 = Release|Any CPU
		{6F99353E-31C0-FAFC-0B80-6C7228ED2B1F}.Debug|Any CPU.ActiveCfg = Debug|Any CPU
		{6F99353E-31C0-FAFC-0B80-6C7228ED2B1F}.Debug|Any CPU.Build.0 = Debug|Any CPU
		{6F99353E-31C0-FAFC-0B80-6C7228ED2B1F}.Release|Any CPU.ActiveCfg = Release|Any CPU
		{6F99353E-31C0-FAFC-0B80-6C7228ED2B1F}.Release|Any CPU.Build.0 = Release|Any CPU
		{0FF566EB-FDD5-A8AF-9BE6-BDCCECCD3B51}.Debug|Any CPU.ActiveCfg = Debug|Any CPU
		{0FF566EB-FDD5-A8AF-9BE6-BDCCECCD3B51}.Debug|Any CPU.Build.0 = Debug|Any CPU
		{0FF566EB-FDD5-A8AF-9BE6-BDCCECCD3B51}.Release|Any CPU.ActiveCfg = Release|Any CPU
		{0FF566EB-FDD5-A8AF-9BE6-BDCCECCD3B51}.Release|Any CPU.Build.0 = Release|Any CPU
		{A53C83DF-B0B2-D7C7-0505-9D487F34116C}.Debug|Any CPU.ActiveCfg = Debug|Any CPU
		{A53C83DF-B0B2-D7C7-0505-9D487F34116C}.Debug|Any CPU.Build.0 = Debug|Any CPU
		{A53C83DF-B0B2-D7C7-0505-9D487F34116C}.Release|Any CPU.ActiveCfg = Release|Any CPU
		{A53C83DF-B0B2-D7C7-0505-9D487F34116C}.Release|Any CPU.Build.0 = Release|Any CPU
		{F4569225-311C-6DBB-4244-CA1930F09352}.Debug|Any CPU.ActiveCfg = Debug|Any CPU
		{F4569225-311C-6DBB-4244-CA1930F09352}.Debug|Any CPU.Build.0 = Debug|Any CPU
		{F4569225-311C-6DBB-4244-CA1930F09352}.Release|Any CPU.ActiveCfg = Release|Any CPU
		{F4569225-311C-6DBB-4244-CA1930F09352}.Release|Any CPU.Build.0 = Release|Any CPU
		{8CD802C3-ECB6-1C8D-1DCB-412B9E85D18A}.Debug|Any CPU.ActiveCfg = Debug|Any CPU
		{8CD802C3-ECB6-1C8D-1DCB-412B9E85D18A}.Debug|Any CPU.Build.0 = Debug|Any CPU
		{8CD802C3-ECB6-1C8D-1DCB-412B9E85D18A}.Release|Any CPU.ActiveCfg = Release|Any CPU
		{8CD802C3-ECB6-1C8D-1DCB-412B9E85D18A}.Release|Any CPU.Build.0 = Release|Any CPU
	EndGlobalSection
	GlobalSection(SolutionProperties) = preSolution
		HideSolutionNode = FALSE
	EndGlobalSection
EndGlobal
